
Microsoft Visual Studio Solution File, Format Version 12.00
# Visual Studio Version 17
VisualStudioVersion = 17.14.36623.8 d17.14
MinimumVisualStudioVersion = 10.0.40219.1
Project("{FAE04EC0-301F-11D3-BF4B-00C04F79EFBC}") = "Library-System", "Library-System\Library-System.csproj", "{0893AE10-B950-4768-87D9-F4C166844DCB}"
EndProject
Global
	GlobalSection(SolutionConfigurationPlatforms) = preSolution
		Debug|Any CPU = Debug|Any CPU
		Release|Any CPU = Release|Any CPU
	EndGlobalSection
	GlobalSection(ProjectConfigurationPlatforms) = postSolution
		{0893AE10-B950-4768-87D9-F4C166844DCB}.Debug|Any CPU.ActiveCfg = Debug|Any CPU
		{0893AE10-B950-4768-87D9-F4C166844DCB}.Debug|Any CPU.Build.0 = Debug|Any CPU
		{0893AE10-B950-4768-87D9-F4C166844DCB}.Release|Any CPU.ActiveCfg = Release|Any CPU
		{0893AE10-B950-4768-87D9-F4C166844DCB}.Release|Any CPU.Build.0 = Release|Any CPU
	EndGlobalSection
	GlobalSection(SolutionProperties) = preSolution
		HideSolutionNode = FALSE
	EndGlobalSection
	GlobalSection(ExtensibilityGlobals) = postSolution
		SolutionGuid = {54D230F8-D966-4481-82B2-6242CAFB4C85}
	EndGlobalSection
EndGlobal
